
Microsoft Visual Studio Solution File, Format Version 12.00
# Visual Studio 15
VisualStudioVersion = 15.0.28010.2048
MinimumVisualStudioVersion = 10.0.40219.1
Project("{FAE04EC0-301F-11D3-BF4B-00C04F79EFBC}") = "Stretched-Res-Editor-GUI", "Stretched-Res-Editor-GUI\Stretched-Res-Editor-GUI.csproj", "{FDE87450-1A26-4128-8D96-DB6B0F22AE93}"
EndProject
Global
	GlobalSection(SolutionConfigurationPlatforms) = preSolution
		Debug|Any CPU = Debug|Any CPU
		Release|Any CPU = Release|Any CPU
	EndGlobalSection
	GlobalSection(ProjectConfigurationPlatforms) = postSolution
		{FDE87450-1A26-4128-8D96-DB6B0F22AE93}.Debug|Any CPU.ActiveCfg = Debug|Any CPU
		{FDE87450-1A26-4128-8D96-DB6B0F22AE93}.Debug|Any CPU.Build.0 = Debug|Any CPU
		{FDE87450-1A26-4128-8D96-DB6B0F22AE93}.Release|Any CPU.ActiveCfg = Release|Any CPU
		{FDE87450-1A26-4128-8D96-DB6B0F22AE93}.Release|Any CPU.Build.0 = Release|Any CPU
	EndGlobalSection
	GlobalSection(SolutionProperties) = preSolution
		HideSolutionNode = FALSE
	EndGlobalSection
	GlobalSection(ExtensibilityGlobals) = postSolution
		SolutionGuid = {1DED98BD-0336-48F7-8677-029B9BB5A8D0}
	EndGlobalSection
EndGlobal
